// !$*UTF8*$!
{
	archiveVersion = 1;
	classes = {
	};
	objectVersion = 56;
	objects = {

/* Begin PBXBuildFile section */
		295ADE2A00375A834FEA5E2A /* Pods_Kode.framework in Frameworks */ = {isa = PBXBuildFile; fileRef = 1B79AC34BC61582E57569E0A /* Pods_Kode.framework */; };
		355611EB28F00E4A00083F35 /* AppDelegate.swift in Sources */ = {isa = PBXBuildFile; fileRef = 355611EA28F00E4A00083F35 /* AppDelegate.swift */; };
		355611ED28F00E4A00083F35 /* SceneDelegate.swift in Sources */ = {isa = PBXBuildFile; fileRef = 355611EC28F00E4A00083F35 /* SceneDelegate.swift */; };
		355611F228F00E4A00083F35 /* Main.storyboard in Resources */ = {isa = PBXBuildFile; fileRef = 355611F028F00E4A00083F35 /* Main.storyboard */; };
		355611F428F00E4C00083F35 /* Assets.xcassets in Resources */ = {isa = PBXBuildFile; fileRef = 355611F328F00E4C00083F35 /* Assets.xcassets */; };
		355611F728F00E4D00083F35 /* LaunchScreen.storyboard in Resources */ = {isa = PBXBuildFile; fileRef = 355611F528F00E4D00083F35 /* LaunchScreen.storyboard */; };
		355611FF28F00E9200083F35 /* TableViewController.swift in Sources */ = {isa = PBXBuildFile; fileRef = 355611FE28F00E9200083F35 /* TableViewController.swift */; };
		3556120128F010D100083F35 /* Model.swift in Sources */ = {isa = PBXBuildFile; fileRef = 3556120028F010D100083F35 /* Model.swift */; };
		3556120328F0126D00083F35 /* Network.swift in Sources */ = {isa = PBXBuildFile; fileRef = 3556120228F0126D00083F35 /* Network.swift */; };
		3556120528F02E7600083F35 /* TableViewCell.swift in Sources */ = {isa = PBXBuildFile; fileRef = 3556120428F02E7600083F35 /* TableViewCell.swift */; };
		3556120728F0BE3200083F35 /* Departament.swift in Sources */ = {isa = PBXBuildFile; fileRef = 3556120628F0BE3200083F35 /* Departament.swift */; };
		3556120928F0C13800083F35 /* Extension.swift in Sources */ = {isa = PBXBuildFile; fileRef = 3556120828F0C13800083F35 /* Extension.swift */; };
		3556120B28F0C26700083F35 /* CollectionViewCell.swift in Sources */ = {isa = PBXBuildFile; fileRef = 3556120A28F0C26700083F35 /* CollectionViewCell.swift */; };
		358029FA28F1FE4D00F6333A /* ViewController.swift in Sources */ = {isa = PBXBuildFile; fileRef = 358029F928F1FE4D00F6333A /* ViewController.swift */; };
		359909CD28F32C11008EFD89 /* DetailViewController.swift in Sources */ = {isa = PBXBuildFile; fileRef = 359909CC28F32C11008EFD89 /* DetailViewController.swift */; };
/* End PBXBuildFile section */

/* Begin PBXFileReference section */
		1B79AC34BC61582E57569E0A /* Pods_Kode.framework */ = {isa = PBXFileReference; explicitFileType = wrapper.framework; includeInIndex = 0; path = Pods_Kode.framework; sourceTree = BUILT_PRODUCTS_DIR; };
		355611E728F00E4A00083F35 /* Kode.app */ = {isa = PBXFileReference; explicitFileType = wrapper.application; includeInIndex = 0; path = Kode.app; sourceTree = BUILT_PRODUCTS_DIR; };
		355611EA28F00E4A00083F35 /* AppDelegate.swift */ = {isa = PBXFileReference; lastKnownFileType = sourcecode.swift; path = AppDelegate.swift; sourceTree = "<group>"; };
		355611EC28F00E4A00083F35 /* SceneDelegate.swift */ = {isa = PBXFileReference; lastKnownFileType = sourcecode.swift; path = SceneDelegate.swift; sourceTree = "<group>"; };
		355611F128F00E4A00083F35 /* Base */ = {isa = PBXFileReference; lastKnownFileType = file.storyboard; name = Base; path = Base.lproj/Main.storyboard; sourceTree = "<group>"; };
		355611F328F00E4C00083F35 /* Assets.xcassets */ = {isa = PBXFileReference; lastKnownFileType = folder.assetcatalog; path = Assets.xcassets; sourceTree = "<group>"; };
		355611F628F00E4D00083F35 /* Base */ = {isa = PBXFileReference; lastKnownFileType = file.storyboard; name = Base; path = Base.lproj/LaunchScreen.storyboard; sourceTree = "<group>"; };
		355611F828F00E4D00083F35 /* Info.plist */ = {isa = PBXFileReference; lastKnownFileType = text.plist.xml; path = Info.plist; sourceTree = "<group>"; };
		355611FE28F00E9200083F35 /* TableViewController.swift */ = {isa = PBXFileReference; lastKnownFileType = sourcecode.swift; path = TableViewController.swift; sourceTree = "<group>"; };
		3556120028F010D100083F35 /* Model.swift */ = {isa = PBXFileReference; lastKnownFileType = sourcecode.swift; path = Model.swift; sourceTree = "<group>"; };
		3556120228F0126D00083F35 /* Network.swift */ = {isa = PBXFileReference; lastKnownFileType = sourcecode.swift; path = Network.swift; sourceTree = "<group>"; };
		3556120428F02E7600083F35 /* TableViewCell.swift */ = {isa = PBXFileReference; lastKnownFileType = sourcecode.swift; path = TableViewCell.swift; sourceTree = "<group>"; };
		3556120628F0BE3200083F35 /* Departament.swift */ = {isa = PBXFileReference; lastKnownFileType = sourcecode.swift; path = Departament.swift; sourceTree = "<group>"; };
		3556120828F0C13800083F35 /* Extension.swift */ = {isa = PBXFileReference; lastKnownFileType = sourcecode.swift; path = Extension.swift; sourceTree = "<group>"; };
		3556120A28F0C26700083F35 /* CollectionViewCell.swift */ = {isa = PBXFileReference; lastKnownFileType = sourcecode.swift; path = CollectionViewCell.swift; sourceTree = "<group>"; };
		358029F828F1E54A00F6333A /* Inter.ttf */ = {isa = PBXFileReference; lastKnownFileType = file; path = Inter.ttf; sourceTree = "<group>"; };
		358029F928F1FE4D00F6333A /* ViewController.swift */ = {isa = PBXFileReference; lastKnownFileType = sourcecode.swift; path = ViewController.swift; sourceTree = "<group>"; };
		359909CC28F32C11008EFD89 /* DetailViewController.swift */ = {isa = PBXFileReference; lastKnownFileType = sourcecode.swift; path = DetailViewController.swift; sourceTree = "<group>"; };
		732BCA245CD02884B6FB48E9 /* Pods-Kode.release.xcconfig */ = {isa = PBXFileReference; includeInIndex = 1; lastKnownFileType = text.xcconfig; name = "Pods-Kode.release.xcconfig"; path = "Target Support Files/Pods-Kode/Pods-Kode.release.xcconfig"; sourceTree = "<group>"; };
		C5E1D4B2E372FB1AEBA72C3A /* Pods-Kode.debug.xcconfig */ = {isa = PBXFileReference; includeInIndex = 1; lastKnownFileType = text.xcconfig; name = "Pods-Kode.debug.xcconfig"; path = "Target Support Files/Pods-Kode/Pods-Kode.debug.xcconfig"; sourceTree = "<group>"; };
/* End PBXFileReference section */

/* Begin PBXFrameworksBuildPhase section */
		355611E428F00E4A00083F35 /* Frameworks */ = {
			isa = PBXFrameworksBuildPhase;
			buildActionMask = 2147483647;
			files = (
				295ADE2A00375A834FEA5E2A /* Pods_Kode.framework in Frameworks */,
			);
			runOnlyForDeploymentPostprocessing = 0;
		};
/* End PBXFrameworksBuildPhase section */

/* Begin PBXGroup section */
		355611DE28F00E4A00083F35 = {
			isa = PBXGroup;
			children = (
				355611E928F00E4A00083F35 /* Kode */,
				355611E828F00E4A00083F35 /* Products */,
				C7E647D2EB934EB9A1338253 /* Pods */,
				411A5EDC4BAD635A98E6D0FA /* Frameworks */,
			);
			sourceTree = "<group>";
		};
		355611E828F00E4A00083F35 /* Products */ = {
			isa = PBXGroup;
			children = (
				355611E728F00E4A00083F35 /* Kode.app */,
			);
			name = Products;
			sourceTree = "<group>";
		};
		355611E928F00E4A00083F35 /* Kode */ = {
			isa = PBXGroup;
			children = (
				358029F728F1E51400F6333A /* Fonts */,
				359909C928F32BBF008EFD89 /* Supporting files */,
				359909C828F32BB3008EFD89 /* Cell */,
				359909CB28F32BEB008EFD89 /* Controllers */,
				359909CA28F32BDC008EFD89 /* Model */,
				359909C728F32BA3008EFD89 /* Network */,
				355611F028F00E4A00083F35 /* Main.storyboard */,
				355611F328F00E4C00083F35 /* Assets.xcassets */,
				355611F528F00E4D00083F35 /* LaunchScreen.storyboard */,
				355611F828F00E4D00083F35 /* Info.plist */,
			);
			path = Kode;
			sourceTree = "<group>";
		};
		358029F728F1E51400F6333A /* Fonts */ = {
			isa = PBXGroup;
			children = (
				358029F828F1E54A00F6333A /* Inter.ttf */,
			);
			path = Fonts;
			sourceTree = "<group>";
		};
		359909C728F32BA3008EFD89 /* Network */ = {
			isa = PBXGroup;
			children = (
				3556120228F0126D00083F35 /* Network.swift */,
			);
			path = Network;
			sourceTree = "<group>";
		};
		359909C828F32BB3008EFD89 /* Cell */ = {
			isa = PBXGroup;
			children = (
				3556120428F02E7600083F35 /* TableViewCell.swift */,
				3556120A28F0C26700083F35 /* CollectionViewCell.swift */,
			);
			path = Cell;
			sourceTree = "<group>";
		};
		359909C928F32BBF008EFD89 /* Supporting files */ = {
			isa = PBXGroup;
			children = (
				355611EA28F00E4A00083F35 /* AppDelegate.swift */,
				355611EC28F00E4A00083F35 /* SceneDelegate.swift */,
				3556120828F0C13800083F35 /* Extension.swift */,
			);
			path = "Supporting files";
			sourceTree = "<group>";
		};
		359909CA28F32BDC008EFD89 /* Model */ = {
			isa = PBXGroup;
			children = (
				3556120028F010D100083F35 /* Model.swift */,
				3556120628F0BE3200083F35 /* Departament.swift */,
			);
			path = Model;
			sourceTree = "<group>";
		};
		359909CB28F32BEB008EFD89 /* Controllers */ = {
			isa = PBXGroup;
			children = (
				355611FE28F00E9200083F35 /* TableViewController.swift */,
				358029F928F1FE4D00F6333A /* ViewController.swift */,
				359909CC28F32C11008EFD89 /* DetailViewController.swift */,
			);
			path = Controllers;
			sourceTree = "<group>";
		};
		411A5EDC4BAD635A98E6D0FA /* Frameworks */ = {
			isa = PBXGroup;
			children = (
				1B79AC34BC61582E57569E0A /* Pods_Kode.framework */,
			);
			name = Frameworks;
			sourceTree = "<group>";
		};
		C7E647D2EB934EB9A1338253 /* Pods */ = {
			isa = PBXGroup;
			children = (
				C5E1D4B2E372FB1AEBA72C3A /* Pods-Kode.debug.xcconfig */,
				732BCA245CD02884B6FB48E9 /* Pods-Kode.release.xcconfig */,
			);
			path = Pods;
			sourceTree = "<group>";
		};
/* End PBXGroup section */

/* Begin PBXNativeTarget section */
		355611E628F00E4A00083F35 /* Kode */ = {
			isa = PBXNativeTarget;
			buildConfigurationList = 355611FB28F00E4D00083F35 /* Build configuration list for PBXNativeTarget "Kode" */;
			buildPhases = (
				8B5E532B74EFE921FDB8EAB1 /* [CP] Check Pods Manifest.lock */,
				355611E328F00E4A00083F35 /* Sources */,
				355611E428F00E4A00083F35 /* Frameworks */,
				355611E528F00E4A00083F35 /* Resources */,
				B735D37FB06275A0C32EDF26 /* [CP] Embed Pods Frameworks */,
			);
			buildRules = (
			);
			dependencies = (
			);
			name = Kode;
			productName = Kode;
			productReference = 355611E728F00E4A00083F35 /* Kode.app */;
			productType = "com.apple.product-type.application";
		};
/* End PBXNativeTarget section */

/* Begin PBXProject section */
		355611DF28F00E4A00083F35 /* Project object */ = {
			isa = PBXProject;
			attributes = {
				BuildIndependentTargetsInParallel = 1;
				LastSwiftUpdateCheck = 1400;
				LastUpgradeCheck = 1400;
				TargetAttributes = {
					355611E628F00E4A00083F35 = {
						CreatedOnToolsVersion = 14.0.1;
					};
				};
			};
			buildConfigurationList = 355611E228F00E4A00083F35 /* Build configuration list for PBXProject "Kode" */;
			compatibilityVersion = "Xcode 14.0";
			developmentRegion = en;
			hasScannedForEncodings = 0;
			knownRegions = (
				en,
				Base,
			);
			mainGroup = 355611DE28F00E4A00083F35;
			productRefGroup = 355611E828F00E4A00083F35 /* Products */;
			projectDirPath = "";
			projectRoot = "";
			targets = (
				355611E628F00E4A00083F35 /* Kode */,
			);
		};
/* End PBXProject section */

/* Begin PBXResourcesBuildPhase section */
		355611E528F00E4A00083F35 /* Resources */ = {
			isa = PBXResourcesBuildPhase;
			buildActionMask = 2147483647;
			files = (
				355611F728F00E4D00083F35 /* LaunchScreen.storyboard in Resources */,
				355611F428F00E4C00083F35 /* Assets.xcassets in Resources */,
				355611F228F00E4A00083F35 /* Main.storyboard in Resources */,
			);
			runOnlyForDeploymentPostprocessing = 0;
		};
/* End PBXResourcesBuildPhase section */

/* Begin PBXShellScriptBuildPhase section */
		8B5E532B74EFE921FDB8EAB1 /* [CP] Check Pods Manifest.lock */ = {
			isa = PBXShellScriptBuildPhase;
			buildActionMask = 2147483647;
			files = (
			);
			inputFileListPaths = (
			);
			inputPaths = (
				"${PODS_PODFILE_DIR_PATH}/Podfile.lock",
				"${PODS_ROOT}/Manifest.lock",
			);
			name = "[CP] Check Pods Manifest.lock";
			outputFileListPaths = (
			);
			outputPaths = (
				"$(DERIVED_FILE_DIR)/Pods-Kode-checkManifestLockResult.txt",
			);
			runOnlyForDeploymentPostprocessing = 0;
			shellPath = /bin/sh;
			shellScript = "diff \"${PODS_PODFILE_DIR_PATH}/Podfile.lock\" \"${PODS_ROOT}/Manifest.lock\" > /dev/null\nif [ $? != 0 ] ; then\n    # print error to STDERR\n    echo \"error: The sandbox is not in sync with the Podfile.lock. Run 'pod install' or update your CocoaPods installation.\" >&2\n    exit 1\nfi\n# This output is used by Xcode 'outputs' to avoid re-running this script phase.\necho \"SUCCESS\" > \"${SCRIPT_OUTPUT_FILE_0}\"\n";
			showEnvVarsInLog = 0;
		};
		B735D37FB06275A0C32EDF26 /* [CP] Embed Pods Frameworks */ = {
			isa = PBXShellScriptBuildPhase;
			buildActionMask = 2147483647;
			files = (
			);
			inputFileListPaths = (
				"${PODS_ROOT}/Target Support Files/Pods-Kode/Pods-Kode-frameworks-${CONFIGURATION}-input-files.xcfilelist",
			);
			name = "[CP] Embed Pods Frameworks";
			outputFileListPaths = (
				"${PODS_ROOT}/Target Support Files/Pods-Kode/Pods-Kode-frameworks-${CONFIGURATION}-output-files.xcfilelist",
			);
			runOnlyForDeploymentPostprocessing = 0;
			shellPath = /bin/sh;
			shellScript = "\"${PODS_ROOT}/Target Support Files/Pods-Kode/Pods-Kode-frameworks.sh\"\n";
			showEnvVarsInLog = 0;
		};
/* End PBXShellScriptBuildPhase section */

/* Begin PBXSourcesBuildPhase section */
		355611E328F00E4A00083F35 /* Sources */ = {
			isa = PBXSourcesBuildPhase;
			buildActionMask = 2147483647;
			files = (
				359909CD28F32C11008EFD89 /* DetailViewController.swift in Sources */,
				358029FA28F1FE4D00F6333A /* ViewController.swift in Sources */,
				3556120728F0BE3200083F35 /* Departament.swift in Sources */,
				3556120328F0126D00083F35 /* Network.swift in Sources */,
				3556120B28F0C26700083F35 /* CollectionViewCell.swift in Sources */,
				355611EB28F00E4A00083F35 /* AppDelegate.swift in Sources */,
				355611FF28F00E9200083F35 /* TableViewController.swift in Sources */,
				3556120528F02E7600083F35 /* TableViewCell.swift in Sources */,
				355611ED28F00E4A00083F35 /* SceneDelegate.swift in Sources */,
				3556120128F010D100083F35 /* Model.swift in Sources */,
				3556120928F0C13800083F35 /* Extension.swift in Sources */,
			);
			runOnlyForDeploymentPostprocessing = 0;
		};
/* End PBXSourcesBuildPhase section */

/* Begin PBXVariantGroup section */
		355611F028F00E4A00083F35 /* Main.storyboard */ = {
			isa = PBXVariantGroup;
			children = (
				355611F128F00E4A00083F35 /* Base */,
			);
			name = Main.storyboard;
			sourceTree = "<group>";
		};
		355611F528F00E4D00083F35 /* LaunchScreen.storyboard */ = {
			isa = PBXVariantGroup;
			children = (
				355611F628F00E4D00083F35 /* Base */,
			);
			name = LaunchScreen.storyboard;
			sourceTree = "<group>";
		};
/* End PBXVariantGroup section */

/* Begin XCBuildConfiguration section */
		355611F928F00E4D00083F35 /* Debug */ = {
			isa = XCBuildConfiguration;
			buildSettings = {
				ALWAYS_SEARCH_USER_PATHS = NO;
				CLANG_ANALYZER_NONNULL = YES;
				CLANG_ANALYZER_NUMBER_OBJECT_CONVERSION = YES_AGGRESSIVE;
				CLANG_CXX_LANGUAGE_STANDARD = "gnu++20";
				CLANG_ENABLE_MODULES = YES;
				CLANG_ENABLE_OBJC_ARC = YES;
				CLANG_ENABLE_OBJC_WEAK = YES;
				CLANG_WARN_BLOCK_CAPTURE_AUTORELEASING = YES;
				CLANG_WARN_BOOL_CONVERSION = YES;
				CLANG_WARN_COMMA = YES;
				CLANG_WARN_CONSTANT_CONVERSION = YES;
				CLANG_WARN_DEPRECATED_OBJC_IMPLEMENTATIONS = YES;
				CLANG_WARN_DIRECT_OBJC_ISA_USAGE = YES_ERROR;
				CLANG_WARN_DOCUMENTATION_COMMENTS = YES;
				CLANG_WARN_EMPTY_BODY = YES;
				CLANG_WARN_ENUM_CONVERSION = YES;
				CLANG_WARN_INFINITE_RECURSION = YES;
				CLANG_WARN_INT_CONVERSION = YES;
				CLANG_WARN_NON_LITERAL_NULL_CONVERSION = YES;
				CLANG_WARN_OBJC_IMPLICIT_RETAIN_SELF = YES;
				CLANG_WARN_OBJC_LITERAL_CONVERSION = YES;
				CLANG_WARN_OBJC_ROOT_CLASS = YES_ERROR;
				CLANG_WARN_QUOTED_INCLUDE_IN_FRAMEWORK_HEADER = YES;
				CLANG_WARN_RANGE_LOOP_ANALYSIS = YES;
				CLANG_WARN_STRICT_PROTOTYPES = YES;
				CLANG_WARN_SUSPICIOUS_MOVE = YES;
				CLANG_WARN_UNGUARDED_AVAILABILITY = YES_AGGRESSIVE;
				CLANG_WARN_UNREACHABLE_CODE = YES;
				CLANG_WARN__DUPLICATE_METHOD_MATCH = YES;
				COPY_PHASE_STRIP = NO;
				DEBUG_INFORMATION_FORMAT = dwarf;
				ENABLE_STRICT_OBJC_MSGSEND = YES;
				ENABLE_TESTABILITY = YES;
				GCC_C_LANGUAGE_STANDARD = gnu11;
				GCC_DYNAMIC_NO_PIC = NO;
				GCC_NO_COMMON_BLOCKS = YES;
				GCC_OPTIMIZATION_LEVEL = 0;
				GCC_PREPROCESSOR_DEFINITIONS = (
					"DEBUG=1",
					"$(inherited)",
				);
				GCC_WARN_64_TO_32_BIT_CONVERSION = YES;
				GCC_WARN_ABOUT_RETURN_TYPE = YES_ERROR;
				GCC_WARN_UNDECLARED_SELECTOR = YES;
				GCC_WARN_UNINITIALIZED_AUTOS = YES_AGGRESSIVE;
				GCC_WARN_UNUSED_FUNCTION = YES;
				GCC_WARN_UNUSED_VARIABLE = YES;
				IPHONEOS_DEPLOYMENT_TARGET = 16.0;
				MTL_ENABLE_DEBUG_INFO = INCLUDE_SOURCE;
				MTL_FAST_MATH = YES;
				ONLY_ACTIVE_ARCH = YES;
				SDKROOT = iphoneos;
				SWIFT_ACTIVE_COMPILATION_CONDITIONS = DEBUG;
				SWIFT_OPTIMIZATION_LEVEL = "-Onone";
			};
			name = Debug;
		};
		355611FA28F00E4D00083F35 /* Release */ = {
			isa = XCBuildConfiguration;
			buildSettings = {
				ALWAYS_SEARCH_USER_PATHS = NO;
				CLANG_ANALYZER_NONNULL = YES;
				CLANG_ANALYZER_NUMBER_OBJECT_CONVERSION = YES_AGGRESSIVE;
				CLANG_CXX_LANGUAGE_STANDARD = "gnu++20";
				CLANG_ENABLE_MODULES = YES;
				CLANG_ENABLE_OBJC_ARC = YES;
				CLANG_ENABLE_OBJC_WEAK = YES;
				CLANG_WARN_BLOCK_CAPTURE_AUTORELEASING = YES;
				CLANG_WARN_BOOL_CONVERSION = YES;
				CLANG_WARN_COMMA = YES;
				CLANG_WARN_CONSTANT_CONVERSION = YES;
				CLANG_WARN_DEPRECATED_OBJC_IMPLEMENTATIONS = YES;
				CLANG_WARN_DIRECT_OBJC_ISA_USAGE = YES_ERROR;
				CLANG_WARN_DOCUMENTATION_COMMENTS = YES;
				CLANG_WARN_EMPTY_BODY = YES;
				CLANG_WARN_ENUM_CONVERSION = YES;
				CLANG_WARN_INFINITE_RECURSION = YES;
				CLANG_WARN_INT_CONVERSION = YES;
				CLANG_WARN_NON_LITERAL_NULL_CONVERSION = YES;
				CLANG_WARN_OBJC_IMPLICIT_RETAIN_SELF = YES;
				CLANG_WARN_OBJC_LITERAL_CONVERSION = YES;
				CLANG_WARN_OBJC_ROOT_CLASS = YES_ERROR;
				CLANG_WARN_QUOTED_INCLUDE_IN_FRAMEWORK_HEADER = YES;
				CLANG_WARN_RANGE_LOOP_ANALYSIS = YES;
				CLANG_WARN_STRICT_PROTOTYPES = YES;
				CLANG_WARN_SUSPICIOUS_MOVE = YES;
				CLANG_WARN_UNGUARDED_AVAILABILITY = YES_AGGRESSIVE;
				CLANG_WARN_UNREACHABLE_CODE = YES;
				CLANG_WARN__DUPLICATE_METHOD_MATCH = YES;
				COPY_PHASE_STRIP = NO;
				DEBUG_INFORMATION_FORMAT = "dwarf-with-dsym";
				ENABLE_NS_ASSERTIONS = NO;
				ENABLE_STRICT_OBJC_MSGSEND = YES;
				GCC_C_LANGUAGE_STANDARD = gnu11;
				GCC_NO_COMMON_BLOCKS = YES;
				GCC_WARN_64_TO_32_BIT_CONVERSION = YES;
				GCC_WARN_ABOUT_RETURN_TYPE = YES_ERROR;
				GCC_WARN_UNDECLARED_SELECTOR = YES;
				GCC_WARN_UNINITIALIZED_AUTOS = YES_AGGRESSIVE;
				GCC_WARN_UNUSED_FUNCTION = YES;
				GCC_WARN_UNUSED_VARIABLE = YES;
				IPHONEOS_DEPLOYMENT_TARGET = 16.0;
				MTL_ENABLE_DEBUG_INFO = NO;
				MTL_FAST_MATH = YES;
				SDKROOT = iphoneos;
				SWIFT_COMPILATION_MODE = wholemodule;
				SWIFT_OPTIMIZATION_LEVEL = "-O";
				VALIDATE_PRODUCT = YES;
			};
			name = Release;
		};
		355611FC28F00E4D00083F35 /* Debug */ = {
			isa = XCBuildConfiguration;
			baseConfigurationReference = C5E1D4B2E372FB1AEBA72C3A /* Pods-Kode.debug.xcconfig */;
			buildSettings = {
				ASSETCATALOG_COMPILER_APPICON_NAME = AppIcon;
				ASSETCATALOG_COMPILER_GLOBAL_ACCENT_COLOR_NAME = AccentColor;
				CODE_SIGN_STYLE = Automatic;
				CURRENT_PROJECT_VERSION = 1;
				DEVELOPMENT_TEAM = V65A927V88;
				GENERATE_INFOPLIST_FILE = YES;
				INFOPLIST_FILE = Kode/Info.plist;
				INFOPLIST_KEY_UIApplicationSupportsIndirectInputEvents = YES;
				INFOPLIST_KEY_UILaunchStoryboardName = LaunchScreen;
				INFOPLIST_KEY_UIMainStoryboardFile = Main;
				INFOPLIST_KEY_UISupportedInterfaceOrientations_iPad = "UIInterfaceOrientationPortrait UIInterfaceOrientationPortraitUpsideDown UIInterfaceOrientationLandscapeLeft UIInterfaceOrientationLandscapeRight";
				INFOPLIST_KEY_UISupportedInterfaceOrientations_iPhone = "UIInterfaceOrientationPortrait UIInterfaceOrientationLandscapeLeft UIInterfaceOrientationLandscapeRight";
				IPHONEOS_DEPLOYMENT_TARGET = 13.0;
				LD_RUNPATH_SEARCH_PATHS = (
					"$(inherited)",
					"@executable_path/Frameworks",
				);
				MARKETING_VERSION = 1.0;
				PRODUCT_BUNDLE_IDENTIFIER = com.iliasutormin.Kode;
				PRODUCT_NAME = "$(TARGET_NAME)";
				SWIFT_EMIT_LOC_STRINGS = YES;
				SWIFT_VERSION = 5.0;
				TARGETED_DEVICE_FAMILY = "1,2";
			};
			name = Debug;
		};
		355611FD28F00E4D00083F35 /* Release */ = {
			isa = XCBuildConfiguration;
			baseConfigurationReference = 732BCA245CD02884B6FB48E9 /* Pods-Kode.release.xcconfig */;
			buildSettings = {
				ASSETCATALOG_COMPILER_APPICON_NAME = AppIcon;
				ASSETCATALOG_COMPILER_GLOBAL_ACCENT_COLOR_NAME = AccentColor;
				CODE_SIGN_STYLE = Automatic;
				CURRENT_PROJECT_VERSION = 1;
				DEVELOPMENT_TEAM = V65A927V88;
				GENERATE_INFOPLIST_FILE = YES;
				INFOPLIST_FILE = Kode/Info.plist;
				INFOPLIST_KEY_UIApplicationSupportsIndirectInputEvents = YES;
				INFOPLIST_KEY_UILaunchStoryboardName = LaunchScreen;
				INFOPLIST_KEY_UIMainStoryboardFile = Main;
				INFOPLIST_KEY_UISupportedInterfaceOrientations_iPad = "UIInterfaceOrientationPortrait UIInterfaceOrientationPortraitUpsideDown UIInterfaceOrientationLandscapeLeft UIInterfaceOrientationLandscapeRight";
				INFOPLIST_KEY_UISupportedInterfaceOrientations_iPhone = "UIInterfaceOrientationPortrait UIInterfaceOrientationLandscapeLeft UIInterfaceOrientationLandscapeRight";
				IPHONEOS_DEPLOYMENT_TARGET = 13.0;
				LD_RUNPATH_SEARCH_PATHS = (
					"$(inherited)",
					"@executable_path/Frameworks",
				);
				MARKETING_VERSION = 1.0;
				PRODUCT_BUNDLE_IDENTIFIER = com.iliasutormin.Kode;
				PRODUCT_NAME = "$(TARGET_NAME)";
				SWIFT_EMIT_LOC_STRINGS = YES;
				SWIFT_VERSION = 5.0;
				TARGETED_DEVICE_FAMILY = "1,2";
			};
			name = Release;
		};
/* End XCBuildConfiguration section */

/* Begin XCConfigurationList section */
		355611E228F00E4A00083F35 /* Build configuration list for PBXProject "Kode" */ = {
			isa = XCConfigurationList;
			buildConfigurations = (
				355611F928F00E4D00083F35 /* Debug */,
				355611FA28F00E4D00083F35 /* Release */,
			);
			defaultConfigurationIsVisible = 0;
			defaultConfigurationName = Release;
		};
		355611FB28F00E4D00083F35 /* Build configuration list for PBXNativeTarget "Kode" */ = {
			isa = XCConfigurationList;
			buildConfigurations = (
				355611FC28F00E4D00083F35 /* Debug */,
				355611FD28F00E4D00083F35 /* Release */,
			);
			defaultConfigurationIsVisible = 0;
			defaultConfigurationName = Release;
		};
/* End XCConfigurationList section */
	};
	rootObject = 355611DF28F00E4A00083F35 /* Project object */;
}
